
Microsoft Visual Studio Solution File, Format Version 12.00
Project("{FAE04EC0-301F-11D3-BF4B-00C04F79EFBC}") = "ExampleApi", "ExampleApi\ExampleApi.csproj", "{DB25614A-8C16-45B1-9DEB-B58F6F9CE726}"
EndProject
Project("{FAE04EC0-301F-11D3-BF4B-00C04F79EFBC}") = "ExampleApi.e2e.tests", "ExampleApi.e2e.tests\ExampleApi.e2e.tests.csproj", "{E9856E48-6379-457E-B43B-CF4F75A29132}"
EndProject
Global
	GlobalSection(SolutionConfigurationPlatforms) = preSolution
		Debug|Any CPU = Debug|Any CPU
		Release|Any CPU = Release|Any CPU
	EndGlobalSection
	GlobalSection(ProjectConfigurationPlatforms) = postSolution
		{DB25614A-8C16-45B1-9DEB-B58F6F9CE726}.Debug|Any CPU.ActiveCfg = Debug|Any CPU
		{DB25614A-8C16-45B1-9DEB-B58F6F9CE726}.Debug|Any CPU.Build.0 = Debug|Any CPU
		{DB25614A-8C16-45B1-9DEB-B58F6F9CE726}.Release|Any CPU.ActiveCfg = Release|Any CPU
		{DB25614A-8C16-45B1-9DEB-B58F6F9CE726}.Release|Any CPU.Build.0 = Release|Any CPU
		{E9856E48-6379-457E-B43B-CF4F75A29132}.Debug|Any CPU.ActiveCfg = Debug|Any CPU
		{E9856E48-6379-457E-B43B-CF4F75A29132}.Debug|Any CPU.Build.0 = Debug|Any CPU
		{E9856E48-6379-457E-B43B-CF4F75A29132}.Release|Any CPU.ActiveCfg = Release|Any CPU
		{E9856E48-6379-457E-B43B-CF4F75A29132}.Release|Any CPU.Build.0 = Release|Any CPU
	EndGlobalSection
EndGlobal
